{
  "name": "mageai-5d",
  "version": "0.0.1",
  "lockfileVersion": 2,
  "requires": true,
  "packages": {
    "": {
      "name": "mageai-5d",
      "version": "0.0.1",
      "license": "MIT",
      "dependencies": {
        "5d-chess-js": "^1.1.2"
      }
    },
    "node_modules/5d-chess-js": {
      "version": "1.2.0",
      "resolved": "https://registry.npmjs.org/5d-chess-js/-/5d-chess-js-1.2.0.tgz",
      "integrity": "sha512-rtN2N/q5/gTB62T9AlC2ojPHN9dZfIhKZYVhFM4eE+84zFblPU3716ETd35hot9xeGRQneaKffmOI+xrzpBD7Q==",
      "dependencies": {
        "blueimp-md5": "^2.18.0",
        "module-alias": "^2.2.2",
        "present": "^1.0.0"
      }
    },
    "node_modules/blueimp-md5": {
      "version": "2.19.0",
      "resolved": "https://registry.npmjs.org/blueimp-md5/-/blueimp-md5-2.19.0.tgz",
      "integrity": "sha512-DRQrD6gJyy8FbiE4s+bDoXS9hiW3Vbx5uCdwvcCf3zLHL+Iv7LtGHLpr+GZV8rHG8tK766FGYBwRbu8pELTt+w=="
    },
    "node_modules/module-alias": {
      "version": "2.2.2",
      "resolved": "https://registry.npmjs.org/module-alias/-/module-alias-2.2.2.tgz",
      "integrity": "sha512-A/78XjoX2EmNvppVWEhM2oGk3x4lLxnkEA4jTbaK97QKSDjkIoOsKQlfylt/d3kKKi596Qy3NP5XrXJ6fZIC9Q=="
    },
    "node_modules/present": {
      "version": "1.0.0",
      "resolved": "https://registry.npmjs.org/present/-/present-1.0.0.tgz",
      "integrity": "sha1-bS+GW+epaIURj0Zg6D4hYftxzys="
    }
  },
  "dependencies": {
    "5d-chess-js": {
      "version": "1.2.0",
      "resolved": "https://registry.npmjs.org/5d-chess-js/-/5d-chess-js-1.2.0.tgz",
      "integrity": "sha512-rtN2N/q5/gTB62T9AlC2ojPHN9dZfIhKZYVhFM4eE+84zFblPU3716ETd35hot9xeGRQneaKffmOI+xrzpBD7Q==",
      "requires": {
        "blueimp-md5": "^2.18.0",
        "module-alias": "^2.2.2",
        "present": "^1.0.0"
      }
    },
    "blueimp-md5": {
      "version": "2.19.0",
      "resolved": "https://registry.npmjs.org/blueimp-md5/-/blueimp-md5-2.19.0.tgz",
      "integrity": "sha512-DRQrD6gJyy8FbiE4s+bDoXS9hiW3Vbx5uCdwvcCf3zLHL+Iv7LtGHLpr+GZV8rHG8tK766FGYBwRbu8pELTt+w=="
    },
    "module-alias": {
      "version": "2.2.2",
      "resolved": "https://registry.npmjs.org/module-alias/-/module-alias-2.2.2.tgz",
      "integrity": "sha512-A/78XjoX2EmNvppVWEhM2oGk3x4lLxnkEA4jTbaK97QKSDjkIoOsKQlfylt/d3kKKi596Qy3NP5XrXJ6fZIC9Q=="
    },
    "present": {
      "version": "1.0.0",
      "resolved": "https://registry.npmjs.org/present/-/present-1.0.0.tgz",
      "integrity": "sha1-bS+GW+epaIURj0Zg6D4hYftxzys="
    }
  }
}
